
Microsoft Visual Studio Solution File, Format Version 12.00
# Visual Studio Version 16
VisualStudioVersion = 16.0.31729.503
MinimumVisualStudioVersion = 10.0.40219.1
Project("{FAE04EC0-301F-11D3-BF4B-00C04F79EFBC}") = "QLMygear", "QLMygear\QLMygear.csproj", "{F832284F-24DA-4E40-82C1-3F002CA32243}"
EndProject
Global
	GlobalSection(SolutionConfigurationPlatforms) = preSolution
		Debug|Any CPU = Debug|Any CPU
		Release|Any CPU = Release|Any CPU
	EndGlobalSection
	GlobalSection(ProjectConfigurationPlatforms) = postSolution
		{F832284F-24DA-4E40-82C1-3F002CA32243}.Debug|Any CPU.ActiveCfg = Debug|Any CPU
		{F832284F-24DA-4E40-82C1-3F002CA32243}.Debug|Any CPU.Build.0 = Debug|Any CPU
		{F832284F-24DA-4E40-82C1-3F002CA32243}.Release|Any CPU.ActiveCfg = Release|Any CPU
		{F832284F-24DA-4E40-82C1-3F002CA32243}.Release|Any CPU.Build.0 = Release|Any CPU
	EndGlobalSection
	GlobalSection(SolutionProperties) = preSolution
		HideSolutionNode = FALSE
	EndGlobalSection
	GlobalSection(ExtensibilityGlobals) = postSolution
		SolutionGuid = {D797BA46-2615-4039-891F-C127289683A6}
	EndGlobalSection
EndGlobal
